
Microsoft Visual Studio Solution File, Format Version 12.00
# Visual Studio Version 16
VisualStudioVersion = 16.0.31911.196
MinimumVisualStudioVersion = 10.0.40219.1
Project("{8BC9CEB8-8B4A-11D0-8D11-00A0C91BC942}") = "Date", "Date.vcxproj", "{2722E710-D242-4F25-9850-D94358A5D0E0}"
EndProject
Global
	GlobalSection(SolutionConfigurationPlatforms) = preSolution
		Debug|x64 = Debug|x64
		Debug|x86 = Debug|x86
		Release|x64 = Release|x64
		Release|x86 = Release|x86
	EndGlobalSection
	GlobalSection(ProjectConfigurationPlatforms) = postSolution
		{2722E710-D242-4F25-9850-D94358A5D0E0}.Debug|x64.ActiveCfg = Debug|x64
		{2722E710-D242-4F25-9850-D94358A5D0E0}.Debug|x64.Build.0 = Debug|x64
		{2722E710-D242-4F25-9850-D94358A5D0E0}.Debug|x86.ActiveCfg = Debug|Win32
		{2722E710-D242-4F25-9850-D94358A5D0E0}.Debug|x86.Build.0 = Debug|Win32
		{2722E710-D242-4F25-9850-D94358A5D0E0}.Release|x64.ActiveCfg = Release|x64
		{2722E710-D242-4F25-9850-D94358A5D0E0}.Release|x64.Build.0 = Release|x64
		{2722E710-D242-4F25-9850-D94358A5D0E0}.Release|x86.ActiveCfg = Release|Win32
		{2722E710-D242-4F25-9850-D94358A5D0E0}.Release|x86.Build.0 = Release|Win32
	EndGlobalSection
	GlobalSection(SolutionProperties) = preSolution
		HideSolutionNode = FALSE
	EndGlobalSection
	GlobalSection(ExtensibilityGlobals) = postSolution
		SolutionGuid = {AF3F2DC4-4130-471F-BAAA-1229C6458263}
	EndGlobalSection
EndGlobal
